
Microsoft Visual Studio Solution File, Format Version 12.00
# Visual Studio Version 17
VisualStudioVersion = 17.4.33122.133
MinimumVisualStudioVersion = 10.0.40219.1
Project("{FAE04EC0-301F-11D3-BF4B-00C04F79EFBC}") = "CLI", "CLI\CLI.csproj", "{07D474FE-BFF6-46D3-8614-5C85A4593C63}"
EndProject
Global
	GlobalSection(SolutionConfigurationPlatforms) = preSolution
		Debug|Any CPU = Debug|Any CPU
		Release|Any CPU = Release|Any CPU
	EndGlobalSection
	GlobalSection(ProjectConfigurationPlatforms) = postSolution
		{07D474FE-BFF6-46D3-8614-5C85A4593C63}.Debug|Any CPU.ActiveCfg = Debug|Any CPU
		{07D474FE-BFF6-46D3-8614-5C85A4593C63}.Debug|Any CPU.Build.0 = Debug|Any CPU
		{07D474FE-BFF6-46D3-8614-5C85A4593C63}.Release|Any CPU.ActiveCfg = Release|Any CPU
		{07D474FE-BFF6-46D3-8614-5C85A4593C63}.Release|Any CPU.Build.0 = Release|Any CPU
	EndGlobalSection
	GlobalSection(SolutionProperties) = preSolution
		HideSolutionNode = FALSE
	EndGlobalSection
	GlobalSection(ExtensibilityGlobals) = postSolution
		SolutionGuid = {CEF019B4-FF90-4014-B430-7EA07B6F2E1E}
	EndGlobalSection
EndGlobal
